<?xml version="1.0" encoding="utf-8"?>
<Project ToolsVersion="4.0" xmlns="http://schemas.microsoft.com/developer/msbuild/2003">
  <ItemGroup>
    <Filter Include="Source Files">
      <UniqueIdentifier>{8dcec0b9-0f68-4a3b-b20b-6ce98a5ece62}</UniqueIdentifier>
      <Extensions>cpp;c;cxx;rc;def;r;odl;idl;hpj;bat</Extensions>
    </Filter>
    <Filter Include="Header Files">
      <UniqueIdentifier>{ed78d32d-f9fb-4180-85dd-1d49880fe9ab}</UniqueIdentifier>
      <Extensions>h;hpp;hxx;hm;inl</Extensions>
    </Filter>
    <Filter Include="Resource Files">
      <UniqueIdentifier>{e40f1924-0e14-4179-9f79-aa8e67fb22c5}</UniqueIdentifier>
      <Extensions>ico;cur;bmp;dlg;rc2;rct;bin;cnt;rtf;gif;jpg;jpeg;jpe</Extensions>
    </Filter>
  </ItemGroup>
  <ItemGroup>
    <ClCompile Include="SerialCounter\AdamComThread.cpp">
      <Filter>Source Files</Filter>
    </ClCompile>
    <ClCompile Include="SerialCounter\AdamComTransport.cpp">
      <Filter>Source Files</Filter>
    </ClCompile>
    <ClCompile Include="BigClientWnd.cpp">
      <Filter>Source Files</Filter>
    </ClCompile>
    <ClCompile Include="CamSetupDlg.cpp">
      <Filter>Source Files</Filter>
    </ClCompile>
    <ClCompile Include="CamSetupHPDlg.cpp">
      <Filter>Source Files</Filter>
    </ClCompile>
    <ClCompile Include="SerialCounter\ComFunctions.cpp">
      <Filter>Source Files</Filter>
    </ClCompile>
    <ClCompile Include="CommentsWnd.cpp">
      <Filter>Source Files</Filter>
    </ClCompile>
    <ClCompile Include="CRegion.cpp">
      <Filter>Source Files</Filter>
    </ClCompile>
    <ClCompile Include="DialogParamRegion.cpp">
      <Filter>Source Files</Filter>
    </ClCompile>
    <ClCompile Include="DlgAbout.cpp">
      <Filter>Source Files</Filter>
    </ClCompile>
    <ClCompile Include="DlgCommentsEdit.cpp">
      <Filter>Source Files</Filter>
    </ClCompile>
    <ClCompile Include="DlgKEEnd.cpp">
      <Filter>Source Files</Filter>
    </ClCompile>
    <ClCompile Include="DlgSettingsForCurvers.cpp">
      <Filter>Source Files</Filter>
    </ClCompile>
    <ClCompile Include="DlgSetViewer.cpp">
      <Filter>Source Files</Filter>
    </ClCompile>
    <ClCompile Include="Doc.cpp">
      <Filter>Source Files</Filter>
    </ClCompile>
    <ClCompile Include="DxpsDlg.cpp">
      <Filter>Source Files</Filter>
    </ClCompile>
    <ClCompile Include="DxpsParamDlg.cpp">
      <Filter>Source Files</Filter>
    </ClCompile>
    <ClCompile Include="DxpsRegion.cpp">
      <Filter>Source Files</Filter>
    </ClCompile>
    <ClCompile Include="FiListCtrl.cpp">
      <Filter>Source Files</Filter>
    </ClCompile>
    <ClCompile Include="FiTable.cpp">
      <Filter>Source Files</Filter>
    </ClCompile>
    <ClCompile Include="FiTableDlg.cpp">
      <Filter>Source Files</Filter>
    </ClCompile>
    <ClCompile Include="function.cpp">
      <Filter>Source Files</Filter>
    </ClCompile>
    <ClCompile Include="Graphics.cpp">
      <Filter>Source Files</Filter>
    </ClCompile>
    <ClCompile Include="HardwareSetup.cpp">
      <Filter>Source Files</Filter>
    </ClCompile>
    <ClCompile Include="HideWnd.cpp">
      <Filter>Source Files</Filter>
    </ClCompile>
    <ClCompile Include="IniValues.cpp">
      <Filter>Source Files</Filter>
    </ClCompile>
    <ClCompile Include="IPS6.cpp">
      <Filter>Source Files</Filter>
    </ClCompile>
    <ClCompile Include="ListRegionWnd.cpp">
      <Filter>Source Files</Filter>
    </ClCompile>
    <ClCompile Include="LogToFile.cpp">
      <Filter>Source Files</Filter>
    </ClCompile>
    <ClCompile Include="MainFrame.cpp">
      <Filter>Source Files</Filter>
    </ClCompile>
    <ClCompile Include="MeasOptDlg.cpp">
      <Filter>Source Files</Filter>
    </ClCompile>
    <ClCompile Include="ntgraph.cpp">
      <Filter>Source Files</Filter>
    </ClCompile>
    <ClCompile Include="OleFont.CPP">
      <Filter>Source Files</Filter>
    </ClCompile>
    <ClCompile Include="OpenSaveFun.cpp">
      <Filter>Source Files</Filter>
    </ClCompile>
    <ClCompile Include="ProgNew.cpp">
      <Filter>Source Files</Filter>
    </ClCompile>
    <ClCompile Include="RegionWnd.cpp">
      <Filter>Source Files</Filter>
    </ClCompile>
    <ClCompile Include="SerialCounter\SerialCounterDlg.cpp">
      <Filter>Source Files</Filter>
    </ClCompile>
    <ClCompile Include="SerialCounter\SerialCounterUnit.cpp">
      <Filter>Source Files</Filter>
    </ClCompile>
    <ClCompile Include="StdAfx.cpp">
      <Filter>Source Files</Filter>
    </ClCompile>
    <ClCompile Include="SVRDFILE.CPP">
      <Filter>Source Files</Filter>
    </ClCompile>
    <ClCompile Include="Threads.cpp">
      <Filter>Source Files</Filter>
    </ClCompile>
    <ClCompile Include="TitleXWnd.cpp">
      <Filter>Source Files</Filter>
    </ClCompile>
    <ClCompile Include="ViewGraphics.cpp">
      <Filter>Source Files</Filter>
    </ClCompile>
    <ClCompile Include="ViewWnd.cpp">
      <Filter>Source Files</Filter>
    </ClCompile>
    <ClCompile Include="WndForCurve.cpp">
      <Filter>Source Files</Filter>
    </ClCompile>
    <ClCompile Include="Time.cpp">
      <Filter>Source Files</Filter>
    </ClCompile>
    <ClCompile Include="KratosHardware.cpp">
      <Filter>Source Files</Filter>
    </ClCompile>
    <ClCompile Include="HpHardware.cpp">
      <Filter>Source Files</Filter>
    </ClCompile>
    <ClCompile Include="CamacHardware.cpp">
      <Filter>Source Files</Filter>
    </ClCompile>
    <ClCompile Include="HardwareSimulation.cpp">
      <Filter>Source Files</Filter>
    </ClCompile>
    <ClCompile Include="RegionWndButtons.cpp">
      <Filter>Source Files</Filter>
    </ClCompile>
    <ClCompile Include="StatisticsAnalyzer.cpp">
      <Filter>Source Files</Filter>
    </ClCompile>
    <ClCompile Include="MeasureSpeedAnalyzer.cpp">
      <Filter>Source Files</Filter>
    </ClCompile>
    <ClCompile Include="MfcHelper.cpp">
      <Filter>Source Files</Filter>
    </ClCompile>
    <ClCompile Include="XpsProjectFile.cpp">
      <Filter>Source Files</Filter>
    </ClCompile>
    <ClCompile Include="DxpsProjectFile.cpp">
      <Filter>Source Files</Filter>
    </ClCompile>
  </ItemGroup>
  <ItemGroup>
    <ResourceCompile Include="ProgNew.rc">
      <Filter>Source Files</Filter>
    </ResourceCompile>
  </ItemGroup>
  <ItemGroup>
    <ClInclude Include="SerialCounter\AdamComThread.h">
      <Filter>Header Files</Filter>
    </ClInclude>
    <ClInclude Include="SerialCounter\AdamComTransport.h">
      <Filter>Header Files</Filter>
    </ClInclude>
    <ClInclude Include="SerialCounter\AdamMessage.h">
      <Filter>Header Files</Filter>
    </ClInclude>
    <ClInclude Include="BigClientWnd.h">
      <Filter>Header Files</Filter>
    </ClInclude>
    <ClInclude Include="CamSetupDlg.h">
      <Filter>Header Files</Filter>
    </ClInclude>
    <ClInclude Include="CamSetupHPDlg.h">
      <Filter>Header Files</Filter>
    </ClInclude>
    <ClInclude Include="SerialCounter\ComFunctions.h">
      <Filter>Header Files</Filter>
    </ClInclude>
    <ClInclude Include="CommentsWnd.h">
      <Filter>Header Files</Filter>
    </ClInclude>
    <ClInclude Include="SerialCounter\ComMsgTale.h">
      <Filter>Header Files</Filter>
    </ClInclude>
    <ClInclude Include="DialogParamRegion.h">
      <Filter>Header Files</Filter>
    </ClInclude>
    <ClInclude Include="DlgAbout.h">
      <Filter>Header Files</Filter>
    </ClInclude>
    <ClInclude Include="DlgCommentsEdit.h">
      <Filter>Header Files</Filter>
    </ClInclude>
    <ClInclude Include="DlgKEEnd.h">
      <Filter>Header Files</Filter>
    </ClInclude>
    <ClInclude Include="DlgSettingsForCurvers.h">
      <Filter>Header Files</Filter>
    </ClInclude>
    <ClInclude Include="DlgSetViewer.h">
      <Filter>Header Files</Filter>
    </ClInclude>
    <ClInclude Include="Doc.h">
      <Filter>Header Files</Filter>
    </ClInclude>
    <ClInclude Include="DomainLock.h">
      <Filter>Header Files</Filter>
    </ClInclude>
    <ClInclude Include="DxpsDlg.h">
      <Filter>Header Files</Filter>
    </ClInclude>
    <ClInclude Include="DxpsParamDlg.h">
      <Filter>Header Files</Filter>
    </ClInclude>
    <ClInclude Include="DxpsRegion.h">
      <Filter>Header Files</Filter>
    </ClInclude>
    <ClInclude Include="Exceptions.h">
      <Filter>Header Files</Filter>
    </ClInclude>
    <ClInclude Include="FiListCtrl.h">
      <Filter>Header Files</Filter>
    </ClInclude>
    <ClInclude Include="FiTable.h">
      <Filter>Header Files</Filter>
    </ClInclude>
    <ClInclude Include="FiTableDlg.h">
      <Filter>Header Files</Filter>
    </ClInclude>
    <ClInclude Include="function.h">
      <Filter>Header Files</Filter>
    </ClInclude>
    <ClInclude Include="Graphics.h">
      <Filter>Header Files</Filter>
    </ClInclude>
    <ClInclude Include="Hardware.h">
      <Filter>Header Files</Filter>
    </ClInclude>
    <ClInclude Include="HardwareSetup.h">
      <Filter>Header Files</Filter>
    </ClInclude>
    <ClInclude Include="HideWnd.h">
      <Filter>Header Files</Filter>
    </ClInclude>
    <ClInclude Include="IniValues.h">
      <Filter>Header Files</Filter>
    </ClInclude>
    <ClInclude Include="IPS6.h">
      <Filter>Header Files</Filter>
    </ClInclude>
    <ClInclude Include="ListRegionWnd.h">
      <Filter>Header Files</Filter>
    </ClInclude>
    <ClInclude Include="LogToFile.h">
      <Filter>Header Files</Filter>
    </ClInclude>
    <ClInclude Include="Main.h">
      <Filter>Header Files</Filter>
    </ClInclude>
    <ClInclude Include="MainFrame.h">
      <Filter>Header Files</Filter>
    </ClInclude>
    <ClInclude Include="MeasOptDlg.h">
      <Filter>Header Files</Filter>
    </ClInclude>
    <ClInclude Include="NotifyStruct.h">
      <Filter>Header Files</Filter>
    </ClInclude>
    <ClInclude Include="ntgraph.h">
      <Filter>Header Files</Filter>
    </ClInclude>
    <ClInclude Include="OleFont.H">
      <Filter>Header Files</Filter>
    </ClInclude>
    <ClInclude Include="OpenSaveFun.h">
      <Filter>Header Files</Filter>
    </ClInclude>
    <ClInclude Include="SerialCounter\ProcessableMessage.h">
      <Filter>Header Files</Filter>
    </ClInclude>
    <ClInclude Include="ProgNew.h">
      <Filter>Header Files</Filter>
    </ClInclude>
    <ClInclude Include="RegionWnd.h">
      <Filter>Header Files</Filter>
    </ClInclude>
    <ClInclude Include="Resource.h">
      <Filter>Header Files</Filter>
    </ClInclude>
    <ClInclude Include="SerialCounter\SerialCounterDlg.h">
      <Filter>Header Files</Filter>
    </ClInclude>
    <ClInclude Include="SerialCounter\SerialCounterUnit.h">
      <Filter>Header Files</Filter>
    </ClInclude>
    <ClInclude Include="sli6_ext.h">
      <Filter>Header Files</Filter>
    </ClInclude>
    <ClInclude Include="StdAfx.h">
      <Filter>Header Files</Filter>
    </ClInclude>
    <ClInclude Include="SVRDFILE.H">
      <Filter>Header Files</Filter>
    </ClInclude>
    <ClInclude Include="Threads.h">
      <Filter>Header Files</Filter>
    </ClInclude>
    <ClInclude Include="ThreadSafeQueue.h">
      <Filter>Header Files</Filter>
    </ClInclude>
    <ClInclude Include="TitleXWnd.h">
      <Filter>Header Files</Filter>
    </ClInclude>
    <ClInclude Include="ViewGraphics.h">
      <Filter>Header Files</Filter>
    </ClInclude>
    <ClInclude Include="ViewWnd.h">
      <Filter>Header Files</Filter>
    </ClInclude>
    <ClInclude Include="WndForCurve.h">
      <Filter>Header Files</Filter>
    </ClInclude>
    <ClInclude Include="Time.h">
      <Filter>Header Files</Filter>
    </ClInclude>
    <ClInclude Include="IHardware.h">
      <Filter>Header Files</Filter>
    </ClInclude>
    <ClInclude Include="KratosHardware.h">
      <Filter>Header Files</Filter>
    </ClInclude>
    <ClInclude Include="HpHardware.h">
      <Filter>Header Files</Filter>
    </ClInclude>
    <ClInclude Include="CamacHardware.h">
      <Filter>Header Files</Filter>
    </ClInclude>
    <ClInclude Include="HardwareSimulation.h">
      <Filter>Header Files</Filter>
    </ClInclude>
    <ClInclude Include="CRegion.h">
      <Filter>Header Files</Filter>
    </ClInclude>
    <ClInclude Include="CppLinq.h">
      <Filter>Header Files</Filter>
    </ClInclude>
    <ClInclude Include="RegionWndButtons.h">
      <Filter>Header Files</Filter>
    </ClInclude>
    <ClInclude Include="StatisticsAnalyzer.h">
      <Filter>Header Files</Filter>
    </ClInclude>
    <ClInclude Include="MeasureSpeedAnalyzer.h">
      <Filter>Header Files</Filter>
    </ClInclude>
    <ClInclude Include="MfcHelper.h">
      <Filter>Header Files</Filter>
    </ClInclude>
    <ClInclude Include="XpsProjectFile.h">
      <Filter>Header Files</Filter>
    </ClInclude>
    <ClInclude Include="DxpsProjectFile.h">
      <Filter>Header Files</Filter>
    </ClInclude>
    <ClInclude Include="IProjectFilePointerProvider.h">
      <Filter>Header Files</Filter>
    </ClInclude>
  </ItemGroup>
  <ItemGroup>
    <Image Include="res\1.ico">
      <Filter>Resource Files</Filter>
    </Image>
    <Image Include="res\bitmap1.bmp">
      <Filter>Resource Files</Filter>
    </Image>
    <Image Include="res\bitmap2.bmp">
      <Filter>Resource Files</Filter>
    </Image>
    <Image Include="res\bmp00001.bmp">
      <Filter>Resource Files</Filter>
    </Image>
    <Image Include="res\bmp00002.bmp">
      <Filter>Resource Files</Filter>
    </Image>
    <Image Include="res\DXPS.ico">
      <Filter>Resource Files</Filter>
    </Image>
    <Image Include="res\icon1.ico">
      <Filter>Resource Files</Filter>
    </Image>
    <Image Include="res\icon3.ico">
      <Filter>Resource Files</Filter>
    </Image>
    <Image Include="res\icon_for.ico">
      <Filter>Resource Files</Filter>
    </Image>
    <Image Include="res\Iconforeg.bmp">
      <Filter>Resource Files</Filter>
    </Image>
    <Image Include="res\iconforreg.ico">
      <Filter>Resource Files</Filter>
    </Image>
    <Image Include="res\iconOnOff.ico">
      <Filter>Resource Files</Filter>
    </Image>
    <Image Include="res\ProgNew.ico">
      <Filter>Resource Files</Filter>
    </Image>
    <Image Include="res\Toolbar.bmp">
      <Filter>Resource Files</Filter>
    </Image>
    <Image Include="res\Toolbar1.bmp">
      <Filter>Resource Files</Filter>
    </Image>
    <Image Include="res\Toolbar2.bmp">
      <Filter>Resource Files</Filter>
    </Image>
    <Image Include="res\Untitled-1.bmp">
      <Filter>Resource Files</Filter>
    </Image>
    <Image Include="res\Untitled-2.bmp">
      <Filter>Resource Files</Filter>
    </Image>
    <Image Include="res\XPS.ico">
      <Filter>Resource Files</Filter>
    </Image>
  </ItemGroup>
  <ItemGroup>
    <None Include="res\ProgNew.rc2">
      <Filter>Resource Files</Filter>
    </None>
  </ItemGroup>
  <ItemGroup>
    <Text Include="TODO.txt" />
    <Text Include="Version History.txt" />
  </ItemGroup>
</Project>